
Microsoft Visual Studio Solution File, Format Version 12.00
# Visual Studio Version 17
VisualStudioVersion = 17.13.35931.197 d17.13
MinimumVisualStudioVersion = 10.0.40219.1
Project("{8BC9CEB8-8B4A-11D0-8D11-00A0C91BC942}") = "openGl", "openGl.vcxproj", "{9A5CE777-C3F3-417F-B3BB-FFF2C494D5EF}"
EndProject
Global
	GlobalSection(SolutionConfigurationPlatforms) = preSolution
		Debug|x64 = Debug|x64
		Debug|x86 = Debug|x86
		Release|x64 = Release|x64
		Release|x86 = Release|x86
	EndGlobalSection
	GlobalSection(ProjectConfigurationPlatforms) = postSolution
		{9A5CE777-C3F3-417F-B3BB-FFF2C494D5EF}.Debug|x64.ActiveCfg = Debug|x64
		{9A5CE777-C3F3-417F-B3BB-FFF2C494D5EF}.Debug|x64.Build.0 = Debug|x64
		{9A5CE777-C3F3-417F-B3BB-FFF2C494D5EF}.Debug|x86.ActiveCfg = Debug|Win32
		{9A5CE777-C3F3-417F-B3BB-FFF2C494D5EF}.Debug|x86.Build.0 = Debug|Win32
		{9A5CE777-C3F3-417F-B3BB-FFF2C494D5EF}.Release|x64.ActiveCfg = Release|x64
		{9A5CE777-C3F3-417F-B3BB-FFF2C494D5EF}.Release|x64.Build.0 = Release|x64
		{9A5CE777-C3F3-417F-B3BB-FFF2C494D5EF}.Release|x86.ActiveCfg = Release|Win32
		{9A5CE777-C3F3-417F-B3BB-FFF2C494D5EF}.Release|x86.Build.0 = Release|Win32
	EndGlobalSection
	GlobalSection(SolutionProperties) = preSolution
		HideSolutionNode = FALSE
	EndGlobalSection
	GlobalSection(ExtensibilityGlobals) = postSolution
		SolutionGuid = {623A2CFC-18B5-46E5-9569-75EEDBA542FF}
	EndGlobalSection
EndGlobal
